
Microsoft Visual Studio Solution File, Format Version 12.00
# Visual Studio Version 17
VisualStudioVersion = 17.11.35327.3
MinimumVisualStudioVersion = 10.0.40219.1
Project("{FAE04EC0-301F-11D3-BF4B-00C04F79EFBC}") = "ConsoleApp2", "ConsoleApp2\ConsoleApp2.csproj", "{CC1B692C-D38D-4B39-83F1-95E316AE0996}"
EndProject
Global
	GlobalSection(SolutionConfigurationPlatforms) = preSolution
		Debug|Any CPU = Debug|Any CPU
		Release|Any CPU = Release|Any CPU
	EndGlobalSection
	GlobalSection(ProjectConfigurationPlatforms) = postSolution
		{CC1B692C-D38D-4B39-83F1-95E316AE0996}.Debug|Any CPU.ActiveCfg = Debug|Any CPU
		{CC1B692C-D38D-4B39-83F1-95E316AE0996}.Debug|Any CPU.Build.0 = Debug|Any CPU
		{CC1B692C-D38D-4B39-83F1-95E316AE0996}.Release|Any CPU.ActiveCfg = Release|Any CPU
		{CC1B692C-D38D-4B39-83F1-95E316AE0996}.Release|Any CPU.Build.0 = Release|Any CPU
	EndGlobalSection
	GlobalSection(SolutionProperties) = preSolution
		HideSolutionNode = FALSE
	EndGlobalSection
	GlobalSection(ExtensibilityGlobals) = postSolution
		SolutionGuid = {BBE62132-5F5F-47DA-AA84-23F9B7C8A1F5}
	EndGlobalSection
EndGlobal
