
Microsoft Visual Studio Solution File, Format Version 12.00
# Visual Studio Version 17
VisualStudioVersion = 17.11.35327.3
MinimumVisualStudioVersion = 10.0.40219.1
Project("{FAE04EC0-301F-11D3-BF4B-00C04F79EFBC}") = "MethodsOrFunctions2", "MethodsOrFunctions2.csproj", "{A7D87265-5F79-4D4A-93A9-404EB6A28BF1}"
EndProject
Global
	GlobalSection(SolutionConfigurationPlatforms) = preSolution
		Debug|Any CPU = Debug|Any CPU
		Release|Any CPU = Release|Any CPU
	EndGlobalSection
	GlobalSection(ProjectConfigurationPlatforms) = postSolution
		{A7D87265-5F79-4D4A-93A9-404EB6A28BF1}.Debug|Any CPU.ActiveCfg = Debug|Any CPU
		{A7D87265-5F79-4D4A-93A9-404EB6A28BF1}.Debug|Any CPU.Build.0 = Debug|Any CPU
		{A7D87265-5F79-4D4A-93A9-404EB6A28BF1}.Release|Any CPU.ActiveCfg = Release|Any CPU
		{A7D87265-5F79-4D4A-93A9-404EB6A28BF1}.Release|Any CPU.Build.0 = Release|Any CPU
	EndGlobalSection
	GlobalSection(SolutionProperties) = preSolution
		HideSolutionNode = FALSE
	EndGlobalSection
	GlobalSection(ExtensibilityGlobals) = postSolution
		SolutionGuid = {B8D09676-A1B1-4199-85BE-F1795A5B8223}
	EndGlobalSection
EndGlobal
