
Microsoft Visual Studio Solution File, Format Version 12.00
# Visual Studio Version 17
VisualStudioVersion = 17.11.35327.3
MinimumVisualStudioVersion = 10.0.40219.1
Project("{FAE04EC0-301F-11D3-BF4B-00C04F79EFBC}") = "ConditionalStatements", "ConditionalStatements.csproj", "{DE52573E-1F46-4920-9DD8-0535916F7238}"
EndProject
Global
	GlobalSection(SolutionConfigurationPlatforms) = preSolution
		Debug|Any CPU = Debug|Any CPU
		Release|Any CPU = Release|Any CPU
	EndGlobalSection
	GlobalSection(ProjectConfigurationPlatforms) = postSolution
		{DE52573E-1F46-4920-9DD8-0535916F7238}.Debug|Any CPU.ActiveCfg = Debug|Any CPU
		{DE52573E-1F46-4920-9DD8-0535916F7238}.Debug|Any CPU.Build.0 = Debug|Any CPU
		{DE52573E-1F46-4920-9DD8-0535916F7238}.Release|Any CPU.ActiveCfg = Release|Any CPU
		{DE52573E-1F46-4920-9DD8-0535916F7238}.Release|Any CPU.Build.0 = Release|Any CPU
	EndGlobalSection
	GlobalSection(SolutionProperties) = preSolution
		HideSolutionNode = FALSE
	EndGlobalSection
	GlobalSection(ExtensibilityGlobals) = postSolution
		SolutionGuid = {54BC7255-AA7F-485B-B692-8C105AF51074}
	EndGlobalSection
EndGlobal
